
Microsoft Visual Studio Solution File, Format Version 12.00
# Visual Studio Version 17
VisualStudioVersion = 17.10.35004.147
MinimumVisualStudioVersion = 10.0.40219.1
Project("{FAE04EC0-301F-11D3-BF4B-00C04F79EFBC}") = "GuidGenerationApp", "GuidGenerationApp\GuidGenerationApp.csproj", "{87174713-5ED3-4B58-954B-78418CDB2699}"
EndProject
Global
	GlobalSection(SolutionConfigurationPlatforms) = preSolution
		Debug|Any CPU = Debug|Any CPU
		Release|Any CPU = Release|Any CPU
	EndGlobalSection
	GlobalSection(ProjectConfigurationPlatforms) = postSolution
		{87174713-5ED3-4B58-954B-78418CDB2699}.Debug|Any CPU.ActiveCfg = Debug|Any CPU
		{87174713-5ED3-4B58-954B-78418CDB2699}.Debug|Any CPU.Build.0 = Debug|Any CPU
		{87174713-5ED3-4B58-954B-78418CDB2699}.Release|Any CPU.ActiveCfg = Release|Any CPU
		{87174713-5ED3-4B58-954B-78418CDB2699}.Release|Any CPU.Build.0 = Release|Any CPU
	EndGlobalSection
	GlobalSection(SolutionProperties) = preSolution
		HideSolutionNode = FALSE
	EndGlobalSection
	GlobalSection(ExtensibilityGlobals) = postSolution
		SolutionGuid = {37A9C3FD-CFEB-44D3-8EB0-B1A01687BDE8}
	EndGlobalSection
EndGlobal
